{
    "_readme": [
        "This file locks the dependencies of your project to a known state",
        "Read more about it at http://getcomposer.org/doc/01-basic-usage.md#composer-lock-the-lock-file",
        "This file is @generated automatically"
    ],
    "hash": "1480455244a8fec9890e05e9dcf39df2",
    "packages": [
        {
            "name": "mos/cdatabase",
            "version": "dev-master",
            "source": {
                "type": "git",
                "url": "https://github.com/mosbth/cdatabase.git",
                "reference": "91406bffa178184b8b490432c3d8b582d1834115"
            },
            "dist": {
                "type": "zip",
                "url": "https://api.github.com/repos/mosbth/cdatabase/zipball/91406bffa178184b8b490432c3d8b582d1834115",
                "reference": "91406bffa178184b8b490432c3d8b582d1834115",
                "shasum": ""
            },
            "require": {
                "php": ">=5.4"
            },
            "type": "library",
            "autoload": {
                "psr-4": {
                    "Mos\\": "src/"
                }
            },
            "notification-url": "https://packagist.org/downloads/",
            "license": [
                "MIT"
            ],
            "authors": [
                {
                    "name": "Mikael Roos",
                    "email": "me@mikaelroos.se",
                    "homepage": "http://mikaelroos.se",
                    "role": "Developer"
                }
            ],
            "description": "PHP classes for database handling upon PDO",
            "homepage": "http://dbwebb.se",
            "keywords": [
                "education",
                "framework",
                "micro",
                "module",
                "mvc"
            ],
            "time": "2015-01-21 10:13:22"
        }
    ],
    "packages-dev": [],
    "aliases": [],
    "minimum-stability": "stable",
    "stability-flags": {
        "mos/cdatabase": 20
    },
    "prefer-stable": false,
    "prefer-lowest": false,
    "platform": [],
    "platform-dev": []
}
